
Microsoft Visual Studio Solution File, Format Version 12.00
# Visual Studio Version 17
VisualStudioVersion = 17.8.34330.188
MinimumVisualStudioVersion = 10.0.40219.1
Project("{FAE04EC0-301F-11D3-BF4B-00C04F79EFBC}") = "MVC.Web", "MVC.Web\MVC.Web.csproj", "{3ABFAC13-FF44-40CB-A1A4-C2EC16FFA07B}"
EndProject
Global
	GlobalSection(SolutionConfigurationPlatforms) = preSolution
		Debug|Any CPU = Debug|Any CPU
		Release|Any CPU = Release|Any CPU
	EndGlobalSection
	GlobalSection(ProjectConfigurationPlatforms) = postSolution
		{3ABFAC13-FF44-40CB-A1A4-C2EC16FFA07B}.Debug|Any CPU.ActiveCfg = Debug|Any CPU
		{3ABFAC13-FF44-40CB-A1A4-C2EC16FFA07B}.Debug|Any CPU.Build.0 = Debug|Any CPU
		{3ABFAC13-FF44-40CB-A1A4-C2EC16FFA07B}.Release|Any CPU.ActiveCfg = Release|Any CPU
		{3ABFAC13-FF44-40CB-A1A4-C2EC16FFA07B}.Release|Any CPU.Build.0 = Release|Any CPU
	EndGlobalSection
	GlobalSection(SolutionProperties) = preSolution
		HideSolutionNode = FALSE
	EndGlobalSection
	GlobalSection(ExtensibilityGlobals) = postSolution
		SolutionGuid = {C8D9C1DA-B3AE-40C8-B061-DB063DA31938}
	EndGlobalSection
EndGlobal
